
Microsoft Visual Studio Solution File, Format Version 12.00
# Visual Studio Version 17
VisualStudioVersion = 17.5.33414.496
MinimumVisualStudioVersion = 10.0.40219.1
Project("{FAE04EC0-301F-11D3-BF4B-00C04F79EFBC}") = "DataStructure", "DataStructure.csproj", "{31607597-9FE6-47A2-B2B2-0A2C77E61084}"
EndProject
Global
	GlobalSection(SolutionConfigurationPlatforms) = preSolution
		Debug|Any CPU = Debug|Any CPU
		Release|Any CPU = Release|Any CPU
	EndGlobalSection
	GlobalSection(ProjectConfigurationPlatforms) = postSolution
		{31607597-9FE6-47A2-B2B2-0A2C77E61084}.Debug|Any CPU.ActiveCfg = Debug|Any CPU
		{31607597-9FE6-47A2-B2B2-0A2C77E61084}.Debug|Any CPU.Build.0 = Debug|Any CPU
		{31607597-9FE6-47A2-B2B2-0A2C77E61084}.Release|Any CPU.ActiveCfg = Release|Any CPU
		{31607597-9FE6-47A2-B2B2-0A2C77E61084}.Release|Any CPU.Build.0 = Release|Any CPU
	EndGlobalSection
	GlobalSection(SolutionProperties) = preSolution
		HideSolutionNode = FALSE
	EndGlobalSection
	GlobalSection(ExtensibilityGlobals) = postSolution
		SolutionGuid = {4C787523-2F67-4040-99F4-E07EFBB34F74}
	EndGlobalSection
EndGlobal
